<?xml version="1.0" encoding="utf-8"?>
<Project ToolsVersion="15.0" xmlns="http://schemas.microsoft.com/developer/msbuild/2003">
  <ItemGroup>
    <ClCompile Include="C:\Users\Viktor\Documents\Workspaces\Procedural-Ray-Tracing\src\main.cpp">
      <Filter>High Level API</Filter>
    </ClCompile>
    <ClCompile Include="C:\Users\Viktor\Documents\Workspaces\Procedural-Ray-Tracing\src\resource_pool.cpp">
      <Filter>High Level API</Filter>
    </ClCompile>
    <ClCompile Include="C:\Users\Viktor\Documents\Workspaces\Procedural-Ray-Tracing\src\window.cpp">
      <Filter>High Level API</Filter>
    </ClCompile>
    <ClCompile Include="C:\Users\Viktor\Documents\Workspaces\Procedural-Ray-Tracing\src\frame_graph\base_render_task.cpp">
      <Filter>Frame Graph</Filter>
    </ClCompile>
    <ClCompile Include="C:\Users\Viktor\Documents\Workspaces\Procedural-Ray-Tracing\src\frame_graph\frame_graph.cpp">
      <Filter>Frame Graph</Filter>
    </ClCompile>
    <ClCompile Include="C:\Users\Viktor\Documents\Workspaces\Procedural-Ray-Tracing\src\scene_graph\scene_graph.cpp">
      <Filter>Scene Graph</Filter>
    </ClCompile>
    <ClCompile Include="C:\Users\Viktor\Documents\Workspaces\Procedural-Ray-Tracing\src\d3d12\d3d12_command_list.cpp">
      <Filter>D3D12</Filter>
    </ClCompile>
    <ClCompile Include="C:\Users\Viktor\Documents\Workspaces\Procedural-Ray-Tracing\src\d3d12\d3d12_command_queue.cpp">
      <Filter>D3D12</Filter>
    </ClCompile>
    <ClCompile Include="C:\Users\Viktor\Documents\Workspaces\Procedural-Ray-Tracing\src\d3d12\d3d12_descriptor_heap.cpp">
      <Filter>D3D12</Filter>
    </ClCompile>
    <ClCompile Include="C:\Users\Viktor\Documents\Workspaces\Procedural-Ray-Tracing\src\d3d12\d3d12_device.cpp">
      <Filter>D3D12</Filter>
    </ClCompile>
    <ClCompile Include="C:\Users\Viktor\Documents\Workspaces\Procedural-Ray-Tracing\src\d3d12\d3d12_functions.cpp">
      <Filter>D3D12</Filter>
    </ClCompile>
    <ClCompile Include="C:\Users\Viktor\Documents\Workspaces\Procedural-Ray-Tracing\src\d3d12\d3d12_render_target.cpp">
      <Filter>D3D12</Filter>
    </ClCompile>
    <ClCompile Include="C:\Users\Viktor\Documents\Workspaces\Procedural-Ray-Tracing\src\d3d12\d3d12_render_window.cpp">
      <Filter>D3D12</Filter>
    </ClCompile>
    <ClCompile Include="C:\Users\Viktor\Documents\Workspaces\Procedural-Ray-Tracing\src\d3d12\d3d12_renderer.cpp">
      <Filter>D3D12</Filter>
    </ClCompile>
    <ClCompile Include="C:\Users\Viktor\Documents\Workspaces\Procedural-Ray-Tracing\src\d3d12\d3d12_resource_pool.cpp">
      <Filter>D3D12</Filter>
    </ClCompile>
  </ItemGroup>
  <ItemGroup>
    <ClInclude Include="C:\Users\Viktor\Documents\Workspaces\Procedural-Ray-Tracing\src\renderer.hpp">
      <Filter>High Level API</Filter>
    </ClInclude>
    <ClInclude Include="C:\Users\Viktor\Documents\Workspaces\Procedural-Ray-Tracing\src\resource_pool.hpp">
      <Filter>High Level API</Filter>
    </ClInclude>
    <ClInclude Include="C:\Users\Viktor\Documents\Workspaces\Procedural-Ray-Tracing\src\window.hpp">
      <Filter>High Level API</Filter>
    </ClInclude>
    <ClInclude Include="C:\Users\Viktor\Documents\Workspaces\Procedural-Ray-Tracing\src\util\defines.hpp">
      <Filter>Utility</Filter>
    </ClInclude>
    <ClInclude Include="C:\Users\Viktor\Documents\Workspaces\Procedural-Ray-Tracing\src\util\log.hpp">
      <Filter>Utility</Filter>
    </ClInclude>
    <ClInclude Include="C:\Users\Viktor\Documents\Workspaces\Procedural-Ray-Tracing\src\render_tasks\d3d12_deferred_render_task.hpp">
      <Filter>Render Tasks</Filter>
    </ClInclude>
    <ClInclude Include="C:\Users\Viktor\Documents\Workspaces\Procedural-Ray-Tracing\src\frame_graph\base_render_task.hpp">
      <Filter>Frame Graph</Filter>
    </ClInclude>
    <ClInclude Include="C:\Users\Viktor\Documents\Workspaces\Procedural-Ray-Tracing\src\frame_graph\frame_graph.hpp">
      <Filter>Frame Graph</Filter>
    </ClInclude>
    <ClInclude Include="C:\Users\Viktor\Documents\Workspaces\Procedural-Ray-Tracing\src\frame_graph\render_task.hpp">
      <Filter>Frame Graph</Filter>
    </ClInclude>
    <ClInclude Include="C:\Users\Viktor\Documents\Workspaces\Procedural-Ray-Tracing\src\scene_graph\scene_graph.hpp">
      <Filter>Scene Graph</Filter>
    </ClInclude>
    <ClInclude Include="C:\Users\Viktor\Documents\Workspaces\Procedural-Ray-Tracing\src\d3d12\d3d12_defines.hpp">
      <Filter>D3D12</Filter>
    </ClInclude>
    <ClInclude Include="C:\Users\Viktor\Documents\Workspaces\Procedural-Ray-Tracing\src\d3d12\d3d12_enums.hpp">
      <Filter>D3D12</Filter>
    </ClInclude>
    <ClInclude Include="C:\Users\Viktor\Documents\Workspaces\Procedural-Ray-Tracing\src\d3d12\d3d12_functions.hpp">
      <Filter>D3D12</Filter>
    </ClInclude>
    <ClInclude Include="C:\Users\Viktor\Documents\Workspaces\Procedural-Ray-Tracing\src\d3d12\d3d12_renderer.hpp">
      <Filter>D3D12</Filter>
    </ClInclude>
    <ClInclude Include="C:\Users\Viktor\Documents\Workspaces\Procedural-Ray-Tracing\src\d3d12\d3d12_resource_pool.hpp">
      <Filter>D3D12</Filter>
    </ClInclude>
    <ClInclude Include="C:\Users\Viktor\Documents\Workspaces\Procedural-Ray-Tracing\src\d3d12\d3d12_settings.hpp">
      <Filter>D3D12</Filter>
    </ClInclude>
    <ClInclude Include="C:\Users\Viktor\Documents\Workspaces\Procedural-Ray-Tracing\src\d3d12\d3d12_structs.hpp">
      <Filter>D3D12</Filter>
    </ClInclude>
    <ClInclude Include="C:\Users\Viktor\Documents\Workspaces\Procedural-Ray-Tracing\src\d3d12\d3dx12.hpp">
      <Filter>D3D12</Filter>
    </ClInclude>
  </ItemGroup>
  <ItemGroup>
    <CustomBuild Include="C:\Users\Viktor\Documents\Workspaces\Procedural-Ray-Tracing\CMakeLists.txt" />
  </ItemGroup>
  <ItemGroup>
    <Filter Include="D3D12">
      <UniqueIdentifier>{2AAB3948-7712-314A-B50C-FD1C85183256}</UniqueIdentifier>
    </Filter>
    <Filter Include="Frame Graph">
      <UniqueIdentifier>{06BAACE5-AB5B-33B7-8405-CC1A0E8A8BBB}</UniqueIdentifier>
    </Filter>
    <Filter Include="High Level API">
      <UniqueIdentifier>{CC8EBB54-9D48-303B-869A-9C88026E1AA0}</UniqueIdentifier>
    </Filter>
    <Filter Include="Render Tasks">
      <UniqueIdentifier>{8E5373ED-9BC9-3B69-954B-871452AA4253}</UniqueIdentifier>
    </Filter>
    <Filter Include="Scene Graph">
      <UniqueIdentifier>{EFB64F18-91CC-3504-9F32-383DAFAA01F0}</UniqueIdentifier>
    </Filter>
    <Filter Include="Utility">
      <UniqueIdentifier>{366F0E49-0EDD-3762-A2C9-E45F54841241}</UniqueIdentifier>
    </Filter>
  </ItemGroup>
</Project>
