<?xml version="1.0" encoding="utf-8"?>
<Project ToolsVersion="15.0" xmlns="http://schemas.microsoft.com/developer/msbuild/2003">
  <ItemGroup>
    <CustomBuild Include="C:\Users\Viktor\Documents\Workspaces\Procedural-Ray-Tracing\build_vs2017_win64\CMakeFiles\de309df0a587f605c7fb2b695dff70d3\generate.stamp.rule">
      <Filter>CMake Rules</Filter>
    </CustomBuild>
  </ItemGroup>
  <ItemGroup>
    <Filter Include="CMake Rules">
      <UniqueIdentifier>{14859819-DB74-364F-BD6B-321E7A704D74}</UniqueIdentifier>
    </Filter>
  </ItemGroup>
</Project>
